// !$*UTF8*$!
{
	archiveVersion = 1;
	classes = {
	};
	objectVersion = 50;
	objects = {

/* Begin PBXBuildFile section */
		D4338ACC2364948D006783BB /* AppDelegate.swift in Sources */ = {isa = PBXBuildFile; fileRef = D4338ACB2364948D006783BB /* AppDelegate.swift */; };
		D4338ACE2364948D006783BB /* SceneDelegate.swift in Sources */ = {isa = PBXBuildFile; fileRef = D4338ACD2364948D006783BB /* SceneDelegate.swift */; };
		D4338AD32364948D006783BB /* Main.storyboard in Resources */ = {isa = PBXBuildFile; fileRef = D4338AD12364948D006783BB /* Main.storyboard */; };
		D4338AD52364948D006783BB /* Assets.xcassets in Resources */ = {isa = PBXBuildFile; fileRef = D4338AD42364948D006783BB /* Assets.xcassets */; };
		D4338AD82364948D006783BB /* LaunchScreen.storyboard in Resources */ = {isa = PBXBuildFile; fileRef = D4338AD62364948D006783BB /* LaunchScreen.storyboard */; };
		D4338AE323649D17006783BB /* WeatherModel.swift in Sources */ = {isa = PBXBuildFile; fileRef = D4338AE223649D17006783BB /* WeatherModel.swift */; };
		D4338AE523649D21006783BB /* WeatherData.swift in Sources */ = {isa = PBXBuildFile; fileRef = D4338AE423649D21006783BB /* WeatherData.swift */; };
		D4338AE723649DA6006783BB /* WeatherManager.swift in Sources */ = {isa = PBXBuildFile; fileRef = D4338AE623649DA6006783BB /* WeatherManager.swift */; };
		D4338AE923649FFF006783BB /* WeatherViewController.swift in Sources */ = {isa = PBXBuildFile; fileRef = D4338AE823649FFF006783BB /* WeatherViewController.swift */; };
/* End PBXBuildFile section */

/* Begin PBXFileReference section */
		D4338AC82364948D006783BB /* Clima.app */ = {isa = PBXFileReference; explicitFileType = wrapper.application; includeInIndex = 0; path = Clima.app; sourceTree = BUILT_PRODUCTS_DIR; };
		D4338ACB2364948D006783BB /* AppDelegate.swift */ = {isa = PBXFileReference; lastKnownFileType = sourcecode.swift; path = AppDelegate.swift; sourceTree = "<group>"; };
		D4338ACD2364948D006783BB /* SceneDelegate.swift */ = {isa = PBXFileReference; lastKnownFileType = sourcecode.swift; path = SceneDelegate.swift; sourceTree = "<group>"; };
		D4338AD22364948D006783BB /* Base */ = {isa = PBXFileReference; lastKnownFileType = file.storyboard; name = Base; path = Base.lproj/Main.storyboard; sourceTree = "<group>"; };
		D4338AD42364948D006783BB /* Assets.xcassets */ = {isa = PBXFileReference; lastKnownFileType = folder.assetcatalog; path = Assets.xcassets; sourceTree = "<group>"; };
		D4338AD72364948D006783BB /* Base */ = {isa = PBXFileReference; lastKnownFileType = file.storyboard; name = Base; path = Base.lproj/LaunchScreen.storyboard; sourceTree = "<group>"; };
		D4338AD92364948D006783BB /* Info.plist */ = {isa = PBXFileReference; lastKnownFileType = text.plist.xml; path = Info.plist; sourceTree = "<group>"; };
		D4338AE223649D17006783BB /* WeatherModel.swift */ = {isa = PBXFileReference; lastKnownFileType = sourcecode.swift; path = WeatherModel.swift; sourceTree = "<group>"; };
		D4338AE423649D21006783BB /* WeatherData.swift */ = {isa = PBXFileReference; lastKnownFileType = sourcecode.swift; path = WeatherData.swift; sourceTree = "<group>"; };
		D4338AE623649DA6006783BB /* WeatherManager.swift */ = {isa = PBXFileReference; lastKnownFileType = sourcecode.swift; path = WeatherManager.swift; sourceTree = "<group>"; };
		D4338AE823649FFF006783BB /* WeatherViewController.swift */ = {isa = PBXFileReference; lastKnownFileType = sourcecode.swift; path = WeatherViewController.swift; sourceTree = "<group>"; };
/* End PBXFileReference section */

/* Begin PBXFrameworksBuildPhase section */
		D4338AC52364948D006783BB /* Frameworks */ = {
			isa = PBXFrameworksBuildPhase;
			buildActionMask = 2147483647;
			files = (
			);
			runOnlyForDeploymentPostprocessing = 0;
		};
/* End PBXFrameworksBuildPhase section */

/* Begin PBXGroup section */
		D4338ABF2364948D006783BB = {
			isa = PBXGroup;
			children = (
				D4338ACA2364948D006783BB /* Clima */,
				D4338AC92364948D006783BB /* Products */,
			);
			sourceTree = "<group>";
		};
		D4338AC92364948D006783BB /* Products */ = {
			isa = PBXGroup;
			children = (
				D4338AC82364948D006783BB /* Clima.app */,
			);
			name = Products;
			sourceTree = "<group>";
		};
		D4338ACA2364948D006783BB /* Clima */ = {
			isa = PBXGroup;
			children = (
				D4338ACB2364948D006783BB /* AppDelegate.swift */,
				D4338ACD2364948D006783BB /* SceneDelegate.swift */,
				D4338ADF23649CD1006783BB /* Model */,
				D4338AE023649CD5006783BB /* View */,
				D4338AE123649CED006783BB /* Controller */,
				D4338AD42364948D006783BB /* Assets.xcassets */,
				D4338AD62364948D006783BB /* LaunchScreen.storyboard */,
				D4338AD92364948D006783BB /* Info.plist */,
			);
			path = Clima;
			sourceTree = "<group>";
		};
		D4338ADF23649CD1006783BB /* Model */ = {
			isa = PBXGroup;
			children = (
				D4338AE623649DA6006783BB /* WeatherManager.swift */,
				D4338AE423649D21006783BB /* WeatherData.swift */,
				D4338AE223649D17006783BB /* WeatherModel.swift */,
			);
			path = Model;
			sourceTree = "<group>";
		};
		D4338AE023649CD5006783BB /* View */ = {
			isa = PBXGroup;
			children = (
				D4338AD12364948D006783BB /* Main.storyboard */,
			);
			path = View;
			sourceTree = "<group>";
		};
		D4338AE123649CED006783BB /* Controller */ = {
			isa = PBXGroup;
			children = (
				D4338AE823649FFF006783BB /* WeatherViewController.swift */,
			);
			path = Controller;
			sourceTree = "<group>";
		};
/* End PBXGroup section */

/* Begin PBXNativeTarget section */
		D4338AC72364948D006783BB /* Clima */ = {
			isa = PBXNativeTarget;
			buildConfigurationList = D4338ADC2364948D006783BB /* Build configuration list for PBXNativeTarget "Clima" */;
			buildPhases = (
				D4338AC42364948D006783BB /* Sources */,
				D4338AC52364948D006783BB /* Frameworks */,
				D4338AC62364948D006783BB /* Resources */,
			);
			buildRules = (
			);
			dependencies = (
			);
			name = Clima;
			productName = Clima;
			productReference = D4338AC82364948D006783BB /* Clima.app */;
			productType = "com.apple.product-type.application";
		};
/* End PBXNativeTarget section */

/* Begin PBXProject section */
		D4338AC02364948D006783BB /* Project object */ = {
			isa = PBXProject;
			attributes = {
				LastSwiftUpdateCheck = 1110;
				LastUpgradeCheck = 1110;
				ORGANIZATIONNAME = "Julio Cesar";
				TargetAttributes = {
					D4338AC72364948D006783BB = {
						CreatedOnToolsVersion = 11.1;
					};
				};
			};
			buildConfigurationList = D4338AC32364948D006783BB /* Build configuration list for PBXProject "Clima" */;
			compatibilityVersion = "Xcode 9.3";
			developmentRegion = en;
			hasScannedForEncodings = 0;
			knownRegions = (
				en,
				Base,
			);
			mainGroup = D4338ABF2364948D006783BB;
			productRefGroup = D4338AC92364948D006783BB /* Products */;
			projectDirPath = "";
			projectRoot = "";
			targets = (
				D4338AC72364948D006783BB /* Clima */,
			);
		};
/* End PBXProject section */

/* Begin PBXResourcesBuildPhase section */
		D4338AC62364948D006783BB /* Resources */ = {
			isa = PBXResourcesBuildPhase;
			buildActionMask = 2147483647;
			files = (
				D4338AD82364948D006783BB /* LaunchScreen.storyboard in Resources */,
				D4338AD52364948D006783BB /* Assets.xcassets in Resources */,
				D4338AD32364948D006783BB /* Main.storyboard in Resources */,
			);
			runOnlyForDeploymentPostprocessing = 0;
		};
/* End PBXResourcesBuildPhase section */

/* Begin PBXSourcesBuildPhase section */
		D4338AC42364948D006783BB /* Sources */ = {
			isa = PBXSourcesBuildPhase;
			buildActionMask = 2147483647;
			files = (
				D4338ACC2364948D006783BB /* AppDelegate.swift in Sources */,
				D4338AE923649FFF006783BB /* WeatherViewController.swift in Sources */,
				D4338AE323649D17006783BB /* WeatherModel.swift in Sources */,
				D4338AE723649DA6006783BB /* WeatherManager.swift in Sources */,
				D4338AE523649D21006783BB /* WeatherData.swift in Sources */,
				D4338ACE2364948D006783BB /* SceneDelegate.swift in Sources */,
			);
			runOnlyForDeploymentPostprocessing = 0;
		};
/* End PBXSourcesBuildPhase section */

/* Begin PBXVariantGroup section */
		D4338AD12364948D006783BB /* Main.storyboard */ = {
			isa = PBXVariantGroup;
			children = (
				D4338AD22364948D006783BB /* Base */,
			);
			name = Main.storyboard;
			sourceTree = "<group>";
		};
		D4338AD62364948D006783BB /* LaunchScreen.storyboard */ = {
			isa = PBXVariantGroup;
			children = (
				D4338AD72364948D006783BB /* Base */,
			);
			name = LaunchScreen.storyboard;
			sourceTree = "<group>";
		};
/* End PBXVariantGroup section */

/* Begin XCBuildConfiguration section */
		D4338ADA2364948D006783BB /* Debug */ = {
			isa = XCBuildConfiguration;
			buildSettings = {
				ALWAYS_SEARCH_USER_PATHS = NO;
				CLANG_ANALYZER_NONNULL = YES;
				CLANG_ANALYZER_NUMBER_OBJECT_CONVERSION = YES_AGGRESSIVE;
				CLANG_CXX_LANGUAGE_STANDARD = "gnu++14";
				CLANG_CXX_LIBRARY = "libc++";
				CLANG_ENABLE_MODULES = YES;
				CLANG_ENABLE_OBJC_ARC = YES;
				CLANG_ENABLE_OBJC_WEAK = YES;
				CLANG_WARN_BLOCK_CAPTURE_AUTORELEASING = YES;
				CLANG_WARN_BOOL_CONVERSION = YES;
				CLANG_WARN_COMMA = YES;
				CLANG_WARN_CONSTANT_CONVERSION = YES;
				CLANG_WARN_DEPRECATED_OBJC_IMPLEMENTATIONS = YES;
				CLANG_WARN_DIRECT_OBJC_ISA_USAGE = YES_ERROR;
				CLANG_WARN_DOCUMENTATION_COMMENTS = YES;
				CLANG_WARN_EMPTY_BODY = YES;
				CLANG_WARN_ENUM_CONVERSION = YES;
				CLANG_WARN_INFINITE_RECURSION = YES;
				CLANG_WARN_INT_CONVERSION = YES;
				CLANG_WARN_NON_LITERAL_NULL_CONVERSION = YES;
				CLANG_WARN_OBJC_IMPLICIT_RETAIN_SELF = YES;
				CLANG_WARN_OBJC_LITERAL_CONVERSION = YES;
				CLANG_WARN_OBJC_ROOT_CLASS = YES_ERROR;
				CLANG_WARN_RANGE_LOOP_ANALYSIS = YES;
				CLANG_WARN_STRICT_PROTOTYPES = YES;
				CLANG_WARN_SUSPICIOUS_MOVE = YES;
				CLANG_WARN_UNGUARDED_AVAILABILITY = YES_AGGRESSIVE;
				CLANG_WARN_UNREACHABLE_CODE = YES;
				CLANG_WARN__DUPLICATE_METHOD_MATCH = YES;
				COPY_PHASE_STRIP = NO;
				DEBUG_INFORMATION_FORMAT = dwarf;
				ENABLE_STRICT_OBJC_MSGSEND = YES;
				ENABLE_TESTABILITY = YES;
				GCC_C_LANGUAGE_STANDARD = gnu11;
				GCC_DYNAMIC_NO_PIC = NO;
				GCC_NO_COMMON_BLOCKS = YES;
				GCC_OPTIMIZATION_LEVEL = 0;
				GCC_PREPROCESSOR_DEFINITIONS = (
					"DEBUG=1",
					"$(inherited)",
				);
				GCC_WARN_64_TO_32_BIT_CONVERSION = YES;
				GCC_WARN_ABOUT_RETURN_TYPE = YES_ERROR;
				GCC_WARN_UNDECLARED_SELECTOR = YES;
				GCC_WARN_UNINITIALIZED_AUTOS = YES_AGGRESSIVE;
				GCC_WARN_UNUSED_FUNCTION = YES;
				GCC_WARN_UNUSED_VARIABLE = YES;
				IPHONEOS_DEPLOYMENT_TARGET = 13.1;
				MTL_ENABLE_DEBUG_INFO = INCLUDE_SOURCE;
				MTL_FAST_MATH = YES;
				ONLY_ACTIVE_ARCH = YES;
				SDKROOT = iphoneos;
				SWIFT_ACTIVE_COMPILATION_CONDITIONS = DEBUG;
				SWIFT_OPTIMIZATION_LEVEL = "-Onone";
			};
			name = Debug;
		};
		D4338ADB2364948D006783BB /* Release */ = {
			isa = XCBuildConfiguration;
			buildSettings = {
				ALWAYS_SEARCH_USER_PATHS = NO;
				CLANG_ANALYZER_NONNULL = YES;
				CLANG_ANALYZER_NUMBER_OBJECT_CONVERSION = YES_AGGRESSIVE;
				CLANG_CXX_LANGUAGE_STANDARD = "gnu++14";
				CLANG_CXX_LIBRARY = "libc++";
				CLANG_ENABLE_MODULES = YES;
				CLANG_ENABLE_OBJC_ARC = YES;
				CLANG_ENABLE_OBJC_WEAK = YES;
				CLANG_WARN_BLOCK_CAPTURE_AUTORELEASING = YES;
				CLANG_WARN_BOOL_CONVERSION = YES;
				CLANG_WARN_COMMA = YES;
				CLANG_WARN_CONSTANT_CONVERSION = YES;
				CLANG_WARN_DEPRECATED_OBJC_IMPLEMENTATIONS = YES;
				CLANG_WARN_DIRECT_OBJC_ISA_USAGE = YES_ERROR;
				CLANG_WARN_DOCUMENTATION_COMMENTS = YES;
				CLANG_WARN_EMPTY_BODY = YES;
				CLANG_WARN_ENUM_CONVERSION = YES;
				CLANG_WARN_INFINITE_RECURSION = YES;
				CLANG_WARN_INT_CONVERSION = YES;
				CLANG_WARN_NON_LITERAL_NULL_CONVERSION = YES;
				CLANG_WARN_OBJC_IMPLICIT_RETAIN_SELF = YES;
				CLANG_WARN_OBJC_LITERAL_CONVERSION = YES;
				CLANG_WARN_OBJC_ROOT_CLASS = YES_ERROR;
				CLANG_WARN_RANGE_LOOP_ANALYSIS = YES;
				CLANG_WARN_STRICT_PROTOTYPES = YES;
				CLANG_WARN_SUSPICIOUS_MOVE = YES;
				CLANG_WARN_UNGUARDED_AVAILABILITY = YES_AGGRESSIVE;
				CLANG_WARN_UNREACHABLE_CODE = YES;
				CLANG_WARN__DUPLICATE_METHOD_MATCH = YES;
				COPY_PHASE_STRIP = NO;
				DEBUG_INFORMATION_FORMAT = "dwarf-with-dsym";
				ENABLE_NS_ASSERTIONS = NO;
				ENABLE_STRICT_OBJC_MSGSEND = YES;
				GCC_C_LANGUAGE_STANDARD = gnu11;
				GCC_NO_COMMON_BLOCKS = YES;
				GCC_WARN_64_TO_32_BIT_CONVERSION = YES;
				GCC_WARN_ABOUT_RETURN_TYPE = YES_ERROR;
				GCC_WARN_UNDECLARED_SELECTOR = YES;
				GCC_WARN_UNINITIALIZED_AUTOS = YES_AGGRESSIVE;
				GCC_WARN_UNUSED_FUNCTION = YES;
				GCC_WARN_UNUSED_VARIABLE = YES;
				IPHONEOS_DEPLOYMENT_TARGET = 13.1;
				MTL_ENABLE_DEBUG_INFO = NO;
				MTL_FAST_MATH = YES;
				SDKROOT = iphoneos;
				SWIFT_COMPILATION_MODE = wholemodule;
				SWIFT_OPTIMIZATION_LEVEL = "-O";
				VALIDATE_PRODUCT = YES;
			};
			name = Release;
		};
		D4338ADD2364948D006783BB /* Debug */ = {
			isa = XCBuildConfiguration;
			buildSettings = {
				ASSETCATALOG_COMPILER_APPICON_NAME = AppIcon;
				CODE_SIGN_STYLE = Automatic;
				DEVELOPMENT_TEAM = MR59YBUQ3M;
				INFOPLIST_FILE = Clima/Info.plist;
				LD_RUNPATH_SEARCH_PATHS = (
					"$(inherited)",
					"@executable_path/Frameworks",
				);
				PRODUCT_BUNDLE_IDENTIFIER = com.juliocesar.mobile.Clima;
				PRODUCT_NAME = "$(TARGET_NAME)";
				SWIFT_VERSION = 5.0;
				TARGETED_DEVICE_FAMILY = "1,2";
			};
			name = Debug;
		};
		D4338ADE2364948D006783BB /* Release */ = {
			isa = XCBuildConfiguration;
			buildSettings = {
				ASSETCATALOG_COMPILER_APPICON_NAME = AppIcon;
				CODE_SIGN_STYLE = Automatic;
				DEVELOPMENT_TEAM = MR59YBUQ3M;
				INFOPLIST_FILE = Clima/Info.plist;
				LD_RUNPATH_SEARCH_PATHS = (
					"$(inherited)",
					"@executable_path/Frameworks",
				);
				PRODUCT_BUNDLE_IDENTIFIER = com.juliocesar.mobile.Clima;
				PRODUCT_NAME = "$(TARGET_NAME)";
				SWIFT_VERSION = 5.0;
				TARGETED_DEVICE_FAMILY = "1,2";
			};
			name = Release;
		};
/* End XCBuildConfiguration section */

/* Begin XCConfigurationList section */
		D4338AC32364948D006783BB /* Build configuration list for PBXProject "Clima" */ = {
			isa = XCConfigurationList;
			buildConfigurations = (
				D4338ADA2364948D006783BB /* Debug */,
				D4338ADB2364948D006783BB /* Release */,
			);
			defaultConfigurationIsVisible = 0;
			defaultConfigurationName = Release;
		};
		D4338ADC2364948D006783BB /* Build configuration list for PBXNativeTarget "Clima" */ = {
			isa = XCConfigurationList;
			buildConfigurations = (
				D4338ADD2364948D006783BB /* Debug */,
				D4338ADE2364948D006783BB /* Release */,
			);
			defaultConfigurationIsVisible = 0;
			defaultConfigurationName = Release;
		};
/* End XCConfigurationList section */
	};
	rootObject = D4338AC02364948D006783BB /* Project object */;
}
